
Microsoft Visual Studio Solution File, Format Version 12.00
# Visual Studio 15
Project("{FAE04EC0-301F-11D3-BF4B-00C04F79EFBC}") = "FileInputInterfaces", "FileInputInterfaces.csproj", "{C03F4096-2AF5-4F4B-B5BE-2F5250C8DFF9}"
EndProject
Global
	GlobalSection(SolutionConfigurationPlatforms) = preSolution
		Debug|anycpu = Debug|anycpu
		Release|anycpu = Release|anycpu
	EndGlobalSection
	GlobalSection(ProjectConfigurationPlatforms) = postSolution
		{C03F4096-2AF5-4F4B-B5BE-2F5250C8DFF9}.Debug|anycpu.ActiveCfg = Debug|anycpu
		{C03F4096-2AF5-4F4B-B5BE-2F5250C8DFF9}.Debug|anycpu.Build.0 = Debug|anycpu
		{C03F4096-2AF5-4F4B-B5BE-2F5250C8DFF9}.Release|anycpu.ActiveCfg = Release|anycpu
		{C03F4096-2AF5-4F4B-B5BE-2F5250C8DFF9}.Release|anycpu.Build.0 = Release|anycpu
	EndGlobalSection
EndGlobal
